{
  "name": "convert-to-roman",
  "version": "1.4.0",
  "lockfileVersion": 3,
  "requires": true,
  "packages": {
    "": {
      "name": "convert-to-roman",
      "version": "1.4.0",
      "license": "ISC",
      "dependencies": {
        "convert-to-roman": "^1.4.0"
      }
    },
    "node_modules/convert-to-roman": {
      "version": "1.4.0",
      "resolved": "https://registry.npmjs.org/convert-to-roman/-/convert-to-roman-1.4.0.tgz",
      "integrity": "sha512-OLTII0SPc9Pt0jT8RrEqSnmAVEkbVb6ToBPQ1kCPlI+ZMD40rOOdRVh1nQcuXSxKIcfPeJXgXPxvoCXcOJFhFA==",
      "dependencies": {
        "convert-to-roman": "^1.3.0"
      }
    }
  }
}
